
Microsoft Visual Studio Solution File, Format Version 12.00
# Visual Studio Version 16
VisualStudioVersion = 16.0.31105.61
MinimumVisualStudioVersion = 10.0.40219.1
Project("{FAE04EC0-301F-11D3-BF4B-00C04F79EFBC}") = "DestructorModeReset", "DestructorModeReset\DestructorModeReset.csproj", "{35ABAB70-CB99-4357-826B-84AA5C37F310}"
EndProject
Project("{FAE04EC0-301F-11D3-BF4B-00C04F79EFBC}") = "AdvancedRecipe", "AdvancedRecipe\AdvancedRecipe.csproj", "{DA24260A-D9FE-47B6-A4DA-ADE2FDD35766}"
EndProject
Global
	GlobalSection(SolutionConfigurationPlatforms) = preSolution
		Debug|Any CPU = Debug|Any CPU
		Release|Any CPU = Release|Any CPU
	EndGlobalSection
	GlobalSection(ProjectConfigurationPlatforms) = postSolution
		{35ABAB70-CB99-4357-826B-84AA5C37F310}.Debug|Any CPU.ActiveCfg = Debug|Any CPU
		{35ABAB70-CB99-4357-826B-84AA5C37F310}.Debug|Any CPU.Build.0 = Debug|Any CPU
		{35ABAB70-CB99-4357-826B-84AA5C37F310}.Release|Any CPU.ActiveCfg = Release|Any CPU
		{35ABAB70-CB99-4357-826B-84AA5C37F310}.Release|Any CPU.Build.0 = Release|Any CPU
		{DA24260A-D9FE-47B6-A4DA-ADE2FDD35766}.Debug|Any CPU.ActiveCfg = Debug|Any CPU
		{DA24260A-D9FE-47B6-A4DA-ADE2FDD35766}.Debug|Any CPU.Build.0 = Debug|Any CPU
		{DA24260A-D9FE-47B6-A4DA-ADE2FDD35766}.Release|Any CPU.ActiveCfg = Release|Any CPU
		{DA24260A-D9FE-47B6-A4DA-ADE2FDD35766}.Release|Any CPU.Build.0 = Release|Any CPU
	EndGlobalSection
	GlobalSection(SolutionProperties) = preSolution
		HideSolutionNode = FALSE
	EndGlobalSection
	GlobalSection(ExtensibilityGlobals) = postSolution
		SolutionGuid = {2A807041-4E87-4049-8FB9-10BC107EFB86}
	EndGlobalSection
EndGlobal
